
Microsoft Visual Studio Solution File, Format Version 12.00
# Visual Studio Version 17
VisualStudioVersion = 17.0.31903.59
MinimumVisualStudioVersion = 10.0.40219.1
Project("{2150E333-8FDC-42A3-9474-1A3956D46DE8}") = "src", "src", "{827E0CD3-B72D-47B6-A68D-7590B98EB39B}"
EndProject
Project("{FAE04EC0-301F-11D3-BF4B-00C04F79EFBC}") = "SimdJson.Net", "src\SimdJson.Net\SimdJson.Net.csproj", "{6F37C66A-70D0-4B48-9E4F-4115E5DDB4AF}"
EndProject
Project("{FAE04EC0-301F-11D3-BF4B-00C04F79EFBC}") = "SimdJson.Net.Tests", "tests\SimdJson.Net.Tests\SimdJson.Net.Tests.csproj", "{74D008F9-7179-4CE9-A289-94B4F29B67DA}"
EndProject
Project("{FAE04EC0-301F-11D3-BF4B-00C04F79EFBC}") = "SimdJson.Net.Benchmarks", "bench\SimdJson.Net.Benchmarks\SimdJson.Net.Benchmarks.csproj", "{B83D8FD8-98E8-4D9E-A341-0144521995FC}"
EndProject
Global
	GlobalSection(SolutionConfigurationPlatforms) = preSolution
		Debug|Any CPU = Debug|Any CPU
		Debug|x64 = Debug|x64
		Debug|x86 = Debug|x86
		Release|Any CPU = Release|Any CPU
		Release|x64 = Release|x64
		Release|x86 = Release|x86
	EndGlobalSection
	GlobalSection(ProjectConfigurationPlatforms) = postSolution
		{6F37C66A-70D0-4B48-9E4F-4115E5DDB4AF}.Debug|Any CPU.ActiveCfg = Debug|Any CPU
		{6F37C66A-70D0-4B48-9E4F-4115E5DDB4AF}.Debug|Any CPU.Build.0 = Debug|Any CPU
		{6F37C66A-70D0-4B48-9E4F-4115E5DDB4AF}.Debug|x64.ActiveCfg = Debug|Any CPU
		{6F37C66A-70D0-4B48-9E4F-4115E5DDB4AF}.Debug|x64.Build.0 = Debug|Any CPU
		{6F37C66A-70D0-4B48-9E4F-4115E5DDB4AF}.Debug|x86.ActiveCfg = Debug|Any CPU
		{6F37C66A-70D0-4B48-9E4F-4115E5DDB4AF}.Debug|x86.Build.0 = Debug|Any CPU
		{6F37C66A-70D0-4B48-9E4F-4115E5DDB4AF}.Release|Any CPU.ActiveCfg = Release|Any CPU
		{6F37C66A-70D0-4B48-9E4F-4115E5DDB4AF}.Release|Any CPU.Build.0 = Release|Any CPU
		{6F37C66A-70D0-4B48-9E4F-4115E5DDB4AF}.Release|x64.ActiveCfg = Release|Any CPU
		{6F37C66A-70D0-4B48-9E4F-4115E5DDB4AF}.Release|x64.Build.0 = Release|Any CPU
		{6F37C66A-70D0-4B48-9E4F-4115E5DDB4AF}.Release|x86.ActiveCfg = Release|Any CPU
		{6F37C66A-70D0-4B48-9E4F-4115E5DDB4AF}.Release|x86.Build.0 = Release|Any CPU
		{74D008F9-7179-4CE9-A289-94B4F29B67DA}.Debug|Any CPU.ActiveCfg = Debug|Any CPU
		{74D008F9-7179-4CE9-A289-94B4F29B67DA}.Debug|Any CPU.Build.0 = Debug|Any CPU
		{74D008F9-7179-4CE9-A289-94B4F29B67DA}.Debug|x64.ActiveCfg = Debug|Any CPU
		{74D008F9-7179-4CE9-A289-94B4F29B67DA}.Debug|x64.Build.0 = Debug|Any CPU
		{74D008F9-7179-4CE9-A289-94B4F29B67DA}.Debug|x86.ActiveCfg = Debug|Any CPU
		{74D008F9-7179-4CE9-A289-94B4F29B67DA}.Debug|x86.Build.0 = Debug|Any CPU
		{74D008F9-7179-4CE9-A289-94B4F29B67DA}.Release|Any CPU.ActiveCfg = Release|Any CPU
		{74D008F9-7179-4CE9-A289-94B4F29B67DA}.Release|Any CPU.Build.0 = Release|Any CPU
		{74D008F9-7179-4CE9-A289-94B4F29B67DA}.Release|x64.ActiveCfg = Release|Any CPU
		{74D008F9-7179-4CE9-A289-94B4F29B67DA}.Release|x64.Build.0 = Release|Any CPU
		{74D008F9-7179-4CE9-A289-94B4F29B67DA}.Release|x86.ActiveCfg = Release|Any CPU
		{74D008F9-7179-4CE9-A289-94B4F29B67DA}.Release|x86.Build.0 = Release|Any CPU
		{B83D8FD8-98E8-4D9E-A341-0144521995FC}.Debug|Any CPU.ActiveCfg = Debug|Any CPU
		{B83D8FD8-98E8-4D9E-A341-0144521995FC}.Debug|Any CPU.Build.0 = Debug|Any CPU
		{B83D8FD8-98E8-4D9E-A341-0144521995FC}.Debug|x64.ActiveCfg = Debug|Any CPU
		{B83D8FD8-98E8-4D9E-A341-0144521995FC}.Debug|x64.Build.0 = Debug|Any CPU
		{B83D8FD8-98E8-4D9E-A341-0144521995FC}.Debug|x86.ActiveCfg = Debug|Any CPU
		{B83D8FD8-98E8-4D9E-A341-0144521995FC}.Debug|x86.Build.0 = Debug|Any CPU
		{B83D8FD8-98E8-4D9E-A341-0144521995FC}.Release|Any CPU.ActiveCfg = Release|Any CPU
		{B83D8FD8-98E8-4D9E-A341-0144521995FC}.Release|Any CPU.Build.0 = Release|Any CPU
		{B83D8FD8-98E8-4D9E-A341-0144521995FC}.Release|x64.ActiveCfg = Release|Any CPU
		{B83D8FD8-98E8-4D9E-A341-0144521995FC}.Release|x64.Build.0 = Release|Any CPU
		{B83D8FD8-98E8-4D9E-A341-0144521995FC}.Release|x86.ActiveCfg = Release|Any CPU
		{B83D8FD8-98E8-4D9E-A341-0144521995FC}.Release|x86.Build.0 = Release|Any CPU
	EndGlobalSection
	GlobalSection(SolutionProperties) = preSolution
		HideSolutionNode = FALSE
	EndGlobalSection
	GlobalSection(NestedProjects) = preSolution
		{6F37C66A-70D0-4B48-9E4F-4115E5DDB4AF} = {827E0CD3-B72D-47B6-A68D-7590B98EB39B}
		{74D008F9-7179-4CE9-A289-94B4F29B67DA} = {827E0CD3-B72D-47B6-A68D-7590B98EB39B}
		{B83D8FD8-98E8-4D9E-A341-0144521995FC} = {827E0CD3-B72D-47B6-A68D-7590B98EB39B}
	EndGlobalSection
EndGlobal
